
Microsoft Visual Studio Solution File, Format Version 12.00
# Visual Studio Version 17
VisualStudioVersion = 17.4.33110.190
MinimumVisualStudioVersion = 10.0.40219.1
Project("{FAE04EC0-301F-11D3-BF4B-00C04F79EFBC}") = "UniversityApi", "UniversityApi\UniversityApi.csproj", "{CBB761C7-C71B-4E52-8DBD-F45C65800BE4}"
EndProject
Global
	GlobalSection(SolutionConfigurationPlatforms) = preSolution
		Debug|Any CPU = Debug|Any CPU
		Release|Any CPU = Release|Any CPU
	EndGlobalSection
	GlobalSection(ProjectConfigurationPlatforms) = postSolution
		{CBB761C7-C71B-4E52-8DBD-F45C65800BE4}.Debug|Any CPU.ActiveCfg = Debug|Any CPU
		{CBB761C7-C71B-4E52-8DBD-F45C65800BE4}.Debug|Any CPU.Build.0 = Debug|Any CPU
		{CBB761C7-C71B-4E52-8DBD-F45C65800BE4}.Release|Any CPU.ActiveCfg = Release|Any CPU
		{CBB761C7-C71B-4E52-8DBD-F45C65800BE4}.Release|Any CPU.Build.0 = Release|Any CPU
	EndGlobalSection
	GlobalSection(SolutionProperties) = preSolution
		HideSolutionNode = FALSE
	EndGlobalSection
	GlobalSection(ExtensibilityGlobals) = postSolution
		SolutionGuid = {0085E8A6-5B86-4F2F-A57C-A3170558BBA7}
	EndGlobalSection
EndGlobal
